<Solution>
  <Folder Name="/src/">
    <Project Path="src/WB.Logging.LogSinks.Base.csproj" />
  </Folder>
  <Folder Name="/tests/" />
  <Folder Name="/tests/LogSinkBaseTests/" />
  <Folder Name="/tests/LogSinkBaseTests/src/">
    <Project Path="tests/LogSinkBaseTests/src/LogSinkBaseTests.csproj" />
  </Folder>
  <Folder Name="/tests/AsyncLogSinkBaseTests/" />
  <Folder Name="/tests/AsyncLogSinkBaseTests/src/">
    <Project Path="tests/AsyncLogSinkBaseTests/src/AsyncLogSinkBaseTests.csproj" />
  </Folder>
</Solution>
